
Microsoft Visual Studio Solution File, Format Version 12.00
# Visual Studio Version 17
VisualStudioVersion = 17.0.31825.309
MinimumVisualStudioVersion = 10.0.40219.1
Project("{2150E333-8FDC-42A3-9474-1A3956D46DE8}") = "src", "src", "{1BAF7482-5950-4564-8189-853FAEDCEAFD}"
EndProject
Project("{2150E333-8FDC-42A3-9474-1A3956D46DE8}") = "tests", "tests", "{A835E7B0-A15E-4388-A9E4-9B592AFE59A9}"
EndProject
Project("{FAE04EC0-301F-11D3-BF4B-00C04F79EFBC}") = "Delivery.Microservice", "src\Delivery.Microservice\Delivery.Microservice.csproj", "{D15F9A06-8B81-4BF2-929E-339E262BB726}"
EndProject
Project("{FAE04EC0-301F-11D3-BF4B-00C04F79EFBC}") = "Order.Microservice", "src\Order.Microservice\Order.Microservice.csproj", "{9E4C1F3D-BBB1-4719-A55D-56B2EC1C46AA}"
EndProject
Project("{FAE04EC0-301F-11D3-BF4B-00C04F79EFBC}") = "Shared", "src\Shared\Shared.csproj", "{5D23FD69-0F7D-495B-BB10-3C9FF2F1A038}"
EndProject
Project("{FAE04EC0-301F-11D3-BF4B-00C04F79EFBC}") = "Delivery.Microservice.Tests.Integration", "tests\Delivery.Microservice.Tests.Integration\Delivery.Microservice.Tests.Integration.csproj", "{7B6250BA-9DCF-4F63-AAE2-F612424D0498}"
EndProject
Project("{FAE04EC0-301F-11D3-BF4B-00C04F79EFBC}") = "Delivery.Microservice.Tests.Load", "tests\Delivery.Microservice.Tests.Load\Delivery.Microservice.Tests.Load.csproj", "{8FFF7446-6F7A-4360-B04F-14643F2D22F5}"
EndProject
Project("{FAE04EC0-301F-11D3-BF4B-00C04F79EFBC}") = "Delivery.Microservice.Tests.Unit", "tests\Delivery.Microservice.Tests.Unit\Delivery.Microservice.Tests.Unit.csproj", "{25902DD6-6699-4F34-94C8-A96826323B64}"
EndProject
Project("{FAE04EC0-301F-11D3-BF4B-00C04F79EFBC}") = "Order.Microservice.Tests.Unit", "tests\Order.Microservice.Tests.Unit\Order.Microservice.Tests.Unit.csproj", "{B9E62CF1-84F0-4D67-8E5A-61F0940C8CC4}"
EndProject
Global
	GlobalSection(SolutionConfigurationPlatforms) = preSolution
		Debug|Any CPU = Debug|Any CPU
		Release|Any CPU = Release|Any CPU
	EndGlobalSection
	GlobalSection(ProjectConfigurationPlatforms) = postSolution
		{D15F9A06-8B81-4BF2-929E-339E262BB726}.Debug|Any CPU.ActiveCfg = Debug|Any CPU
		{D15F9A06-8B81-4BF2-929E-339E262BB726}.Debug|Any CPU.Build.0 = Debug|Any CPU
		{D15F9A06-8B81-4BF2-929E-339E262BB726}.Release|Any CPU.ActiveCfg = Release|Any CPU
		{D15F9A06-8B81-4BF2-929E-339E262BB726}.Release|Any CPU.Build.0 = Release|Any CPU
		{9E4C1F3D-BBB1-4719-A55D-56B2EC1C46AA}.Debug|Any CPU.ActiveCfg = Debug|Any CPU
		{9E4C1F3D-BBB1-4719-A55D-56B2EC1C46AA}.Debug|Any CPU.Build.0 = Debug|Any CPU
		{9E4C1F3D-BBB1-4719-A55D-56B2EC1C46AA}.Release|Any CPU.ActiveCfg = Release|Any CPU
		{9E4C1F3D-BBB1-4719-A55D-56B2EC1C46AA}.Release|Any CPU.Build.0 = Release|Any CPU
		{5D23FD69-0F7D-495B-BB10-3C9FF2F1A038}.Debug|Any CPU.ActiveCfg = Debug|Any CPU
		{5D23FD69-0F7D-495B-BB10-3C9FF2F1A038}.Debug|Any CPU.Build.0 = Debug|Any CPU
		{5D23FD69-0F7D-495B-BB10-3C9FF2F1A038}.Release|Any CPU.ActiveCfg = Release|Any CPU
		{5D23FD69-0F7D-495B-BB10-3C9FF2F1A038}.Release|Any CPU.Build.0 = Release|Any CPU
		{7B6250BA-9DCF-4F63-AAE2-F612424D0498}.Debug|Any CPU.ActiveCfg = Debug|Any CPU
		{7B6250BA-9DCF-4F63-AAE2-F612424D0498}.Debug|Any CPU.Build.0 = Debug|Any CPU
		{7B6250BA-9DCF-4F63-AAE2-F612424D0498}.Release|Any CPU.ActiveCfg = Release|Any CPU
		{7B6250BA-9DCF-4F63-AAE2-F612424D0498}.Release|Any CPU.Build.0 = Release|Any CPU
		{8FFF7446-6F7A-4360-B04F-14643F2D22F5}.Debug|Any CPU.ActiveCfg = Debug|Any CPU
		{8FFF7446-6F7A-4360-B04F-14643F2D22F5}.Debug|Any CPU.Build.0 = Debug|Any CPU
		{8FFF7446-6F7A-4360-B04F-14643F2D22F5}.Release|Any CPU.ActiveCfg = Release|Any CPU
		{8FFF7446-6F7A-4360-B04F-14643F2D22F5}.Release|Any CPU.Build.0 = Release|Any CPU
		{25902DD6-6699-4F34-94C8-A96826323B64}.Debug|Any CPU.ActiveCfg = Debug|Any CPU
		{25902DD6-6699-4F34-94C8-A96826323B64}.Debug|Any CPU.Build.0 = Debug|Any CPU
		{25902DD6-6699-4F34-94C8-A96826323B64}.Release|Any CPU.ActiveCfg = Release|Any CPU
		{25902DD6-6699-4F34-94C8-A96826323B64}.Release|Any CPU.Build.0 = Release|Any CPU
		{B9E62CF1-84F0-4D67-8E5A-61F0940C8CC4}.Debug|Any CPU.ActiveCfg = Debug|Any CPU
		{B9E62CF1-84F0-4D67-8E5A-61F0940C8CC4}.Debug|Any CPU.Build.0 = Debug|Any CPU
		{B9E62CF1-84F0-4D67-8E5A-61F0940C8CC4}.Release|Any CPU.ActiveCfg = Release|Any CPU
		{B9E62CF1-84F0-4D67-8E5A-61F0940C8CC4}.Release|Any CPU.Build.0 = Release|Any CPU
	EndGlobalSection
	GlobalSection(SolutionProperties) = preSolution
		HideSolutionNode = FALSE
		{D115CF9B-93A9-41B0-95D5-584A17E2A914}.Debug|Any CPU.ActiveCfg = Debug|Any CPU
		{D115CF9B-93A9-41B0-95D5-584A17E2A914}.Debug|Any CPU.Build.0 = Debug|Any CPU
		{D115CF9B-93A9-41B0-95D5-584A17E2A914}.Release|Any CPU.ActiveCfg = Release|Any CPU
		{D115CF9B-93A9-41B0-95D5-584A17E2A914}.Release|Any CPU.Build.0 = Release|Any CPU
	EndGlobalSection
	GlobalSection(SolutionProperties) = preSolution
		HideSolutionNode = FALSE
	EndGlobalSection
	GlobalSection(NestedProjects) = preSolution
		{D15F9A06-8B81-4BF2-929E-339E262BB726} = {1BAF7482-5950-4564-8189-853FAEDCEAFD}
		{9E4C1F3D-BBB1-4719-A55D-56B2EC1C46AA} = {1BAF7482-5950-4564-8189-853FAEDCEAFD}
		{5D23FD69-0F7D-495B-BB10-3C9FF2F1A038} = {1BAF7482-5950-4564-8189-853FAEDCEAFD}
		{7B6250BA-9DCF-4F63-AAE2-F612424D0498} = {A835E7B0-A15E-4388-A9E4-9B592AFE59A9}
		{8FFF7446-6F7A-4360-B04F-14643F2D22F5} = {A835E7B0-A15E-4388-A9E4-9B592AFE59A9}
		{25902DD6-6699-4F34-94C8-A96826323B64} = {A835E7B0-A15E-4388-A9E4-9B592AFE59A9}
		{B9E62CF1-84F0-4D67-8E5A-61F0940C8CC4} = {A835E7B0-A15E-4388-A9E4-9B592AFE59A9}
	EndGlobalSection
	GlobalSection(ExtensibilityGlobals) = postSolution
		SolutionGuid = {218FB87D-D68C-457B-83FC-A890F26BCA6F}
		{01D52A04-C463-4441-B67D-60C4EF327D08} = {1BAF7482-5950-4564-8189-853FAEDCEAFD}
		{2FE89183-2C93-448F-811D-0E4CAF8EEC15} = {2FC58C1F-31D0-42EA-AB9D-6FF79A613E4D}
		{4C7F2FE3-BE9C-4982-B70C-7C086348B0E1} = {2FC58C1F-31D0-42EA-AB9D-6FF79A613E4D}
		{92297FC6-B29E-44DE-93A6-F13EECD79214} = {1BAF7482-5950-4564-8189-853FAEDCEAFD}
	EndGlobalSection
	GlobalSection(ExtensibilityGlobals) = postSolution
		SolutionGuid = {70A6AC8D-E408-4228-976D-DDC03E9CEACD}
	EndGlobalSection
EndGlobal
